
Microsoft Visual Studio Solution File, Format Version 12.00
# Visual Studio Version 17
VisualStudioVersion = 17.4.33103.184
MinimumVisualStudioVersion = 10.0.40219.1
Project("{FAE04EC0-301F-11D3-BF4B-00C04F79EFBC}") = "labworrrk5_2", "labworrrk5_2.csproj", "{344853C3-6441-4019-AB2D-5DA13FD3AF61}"
EndProject
Global
	GlobalSection(SolutionConfigurationPlatforms) = preSolution
		Debug|Any CPU = Debug|Any CPU
		Release|Any CPU = Release|Any CPU
	EndGlobalSection
	GlobalSection(ProjectConfigurationPlatforms) = postSolution
		{344853C3-6441-4019-AB2D-5DA13FD3AF61}.Debug|Any CPU.ActiveCfg = Debug|Any CPU
		{344853C3-6441-4019-AB2D-5DA13FD3AF61}.Debug|Any CPU.Build.0 = Debug|Any CPU
		{344853C3-6441-4019-AB2D-5DA13FD3AF61}.Release|Any CPU.ActiveCfg = Release|Any CPU
		{344853C3-6441-4019-AB2D-5DA13FD3AF61}.Release|Any CPU.Build.0 = Release|Any CPU
	EndGlobalSection
	GlobalSection(SolutionProperties) = preSolution
		HideSolutionNode = FALSE
	EndGlobalSection
	GlobalSection(ExtensibilityGlobals) = postSolution
		SolutionGuid = {34B6E7FF-8D8A-4B47-89D2-529C2D4C1B3E}
	EndGlobalSection
EndGlobal
